// !$*UTF8*$!
{
	archiveVersion = 1;
	classes = {
	};
	objectVersion = 46;
	objects = {

/* Begin PBXBuildFile section */
		84FAACD61DB4CBD20088C0E8 /* main.m in Sources */ = {isa = PBXBuildFile; fileRef = 84FAACD51DB4CBD20088C0E8 /* main.m */; };
		84FAACD91DB4CBD20088C0E8 /* AppDelegate.m in Sources */ = {isa = PBXBuildFile; fileRef = 84FAACD81DB4CBD20088C0E8 /* AppDelegate.m */; };
		84FAACDC1DB4CBD20088C0E8 /* ViewController.m in Sources */ = {isa = PBXBuildFile; fileRef = 84FAACDB1DB4CBD20088C0E8 /* ViewController.m */; };
		84FAACDF1DB4CBD20088C0E8 /* Main.storyboard in Resources */ = {isa = PBXBuildFile; fileRef = 84FAACDD1DB4CBD20088C0E8 /* Main.storyboard */; };
		84FAACE11DB4CBD20088C0E8 /* Assets.xcassets in Resources */ = {isa = PBXBuildFile; fileRef = 84FAACE01DB4CBD20088C0E8 /* Assets.xcassets */; };
		84FAACE41DB4CBD20088C0E8 /* LaunchScreen.storyboard in Resources */ = {isa = PBXBuildFile; fileRef = 84FAACE21DB4CBD20088C0E8 /* LaunchScreen.storyboard */; };
/* End PBXBuildFile section */

/* Begin PBXFileReference section */
		84FAACD11DB4CBD20088C0E8 /* ghjgh.app */ = {isa = PBXFileReference; explicitFileType = wrapper.application; includeInIndex = 0; path = ghjgh.app; sourceTree = BUILT_PRODUCTS_DIR; };
		84FAACD51DB4CBD20088C0E8 /* main.m */ = {isa = PBXFileReference; lastKnownFileType = sourcecode.c.objc; path = main.m; sourceTree = "<group>"; };
		84FAACD71DB4CBD20088C0E8 /* AppDelegate.h */ = {isa = PBXFileReference; lastKnownFileType = sourcecode.c.h; path = AppDelegate.h; sourceTree = "<group>"; };
		84FAACD81DB4CBD20088C0E8 /* AppDelegate.m */ = {isa = PBXFileReference; lastKnownFileType = sourcecode.c.objc; path = AppDelegate.m; sourceTree = "<group>"; };
		84FAACDA1DB4CBD20088C0E8 /* ViewController.h */ = {isa = PBXFileReference; lastKnownFileType = sourcecode.c.h; path = ViewController.h; sourceTree = "<group>"; };
		84FAACDB1DB4CBD20088C0E8 /* ViewController.m */ = {isa = PBXFileReference; lastKnownFileType = sourcecode.c.objc; path = ViewController.m; sourceTree = "<group>"; };
		84FAACDE1DB4CBD20088C0E8 /* Base */ = {isa = PBXFileReference; lastKnownFileType = file.storyboard; name = Base; path = Base.lproj/Main.storyboard; sourceTree = "<group>"; };
		84FAACE01DB4CBD20088C0E8 /* Assets.xcassets */ = {isa = PBXFileReference; lastKnownFileType = folder.assetcatalog; path = Assets.xcassets; sourceTree = "<group>"; };
		84FAACE31DB4CBD20088C0E8 /* Base */ = {isa = PBXFileReference; lastKnownFileType = file.storyboard; name = Base; path = Base.lproj/LaunchScreen.storyboard; sourceTree = "<group>"; };
		84FAACE51DB4CBD20088C0E8 /* Info.plist */ = {isa = PBXFileReference; lastKnownFileType = text.plist.xml; path = Info.plist; sourceTree = "<group>"; };
/* End PBXFileReference section */

/* Begin PBXFrameworksBuildPhase section */
		84FAACCE1DB4CBD20088C0E8 /* Frameworks */ = {
			isa = PBXFrameworksBuildPhase;
			buildActionMask = 2147483647;
			files = (
			);
			runOnlyForDeploymentPostprocessing = 0;
		};
/* End PBXFrameworksBuildPhase section */

/* Begin PBXGroup section */
		84FAACC81DB4CBD20088C0E8 = {
			isa = PBXGroup;
			children = (
				84FAACD31DB4CBD20088C0E8 /* ghjgh */,
				84FAACD21DB4CBD20088C0E8 /* Products */,
			);
			sourceTree = "<group>";
		};
		84FAACD21DB4CBD20088C0E8 /* Products */ = {
			isa = PBXGroup;
			children = (
				84FAACD11DB4CBD20088C0E8 /* ghjgh.app */,
			);
			name = Products;
			sourceTree = "<group>";
		};
		84FAACD31DB4CBD20088C0E8 /* ghjgh */ = {
			isa = PBXGroup;
			children = (
				84FAACD71DB4CBD20088C0E8 /* AppDelegate.h */,
				84FAACD81DB4CBD20088C0E8 /* AppDelegate.m */,
				84FAACDA1DB4CBD20088C0E8 /* ViewController.h */,
				84FAACDB1DB4CBD20088C0E8 /* ViewController.m */,
				84FAACDD1DB4CBD20088C0E8 /* Main.storyboard */,
				84FAACE01DB4CBD20088C0E8 /* Assets.xcassets */,
				84FAACE21DB4CBD20088C0E8 /* LaunchScreen.storyboard */,
				84FAACE51DB4CBD20088C0E8 /* Info.plist */,
				84FAACD41DB4CBD20088C0E8 /* Supporting Files */,
			);
			path = ghjgh;
			sourceTree = "<group>";
		};
		84FAACD41DB4CBD20088C0E8 /* Supporting Files */ = {
			isa = PBXGroup;
			children = (
				84FAACD51DB4CBD20088C0E8 /* main.m */,
			);
			name = "Supporting Files";
			sourceTree = "<group>";
		};
/* End PBXGroup section */

/* Begin PBXNativeTarget section */
		84FAACD01DB4CBD20088C0E8 /* ghjgh */ = {
			isa = PBXNativeTarget;
			buildConfigurationList = 84FAACE81DB4CBD20088C0E8 /* Build configuration list for PBXNativeTarget "ghjgh" */;
			buildPhases = (
				84FAACCD1DB4CBD20088C0E8 /* Sources */,
				84FAACCE1DB4CBD20088C0E8 /* Frameworks */,
				84FAACCF1DB4CBD20088C0E8 /* Resources */,
			);
			buildRules = (
			);
			dependencies = (
			);
			name = ghjgh;
			productName = ghjgh;
			productReference = 84FAACD11DB4CBD20088C0E8 /* ghjgh.app */;
			productType = "com.apple.product-type.application";
		};
/* End PBXNativeTarget section */

/* Begin PBXProject section */
		84FAACC91DB4CBD20088C0E8 /* Project object */ = {
			isa = PBXProject;
			attributes = {
				LastUpgradeCheck = 0800;
				ORGANIZATIONNAME = "高岩";
				TargetAttributes = {
					84FAACD01DB4CBD20088C0E8 = {
						CreatedOnToolsVersion = 8.0;
						ProvisioningStyle = Automatic;
					};
				};
			};
			buildConfigurationList = 84FAACCC1DB4CBD20088C0E8 /* Build configuration list for PBXProject "ghjgh" */;
			compatibilityVersion = "Xcode 3.2";
			developmentRegion = English;
			hasScannedForEncodings = 0;
			knownRegions = (
				en,
				Base,
			);
			mainGroup = 84FAACC81DB4CBD20088C0E8;
			productRefGroup = 84FAACD21DB4CBD20088C0E8 /* Products */;
			projectDirPath = "";
			projectRoot = "";
			targets = (
				84FAACD01DB4CBD20088C0E8 /* ghjgh */,
			);
		};
/* End PBXProject section */

/* Begin PBXResourcesBuildPhase section */
		84FAACCF1DB4CBD20088C0E8 /* Resources */ = {
			isa = PBXResourcesBuildPhase;
			buildActionMask = 2147483647;
			files = (
				84FAACE41DB4CBD20088C0E8 /* LaunchScreen.storyboard in Resources */,
				84FAACE11DB4CBD20088C0E8 /* Assets.xcassets in Resources */,
				84FAACDF1DB4CBD20088C0E8 /* Main.storyboard in Resources */,
			);
			runOnlyForDeploymentPostprocessing = 0;
		};
/* End PBXResourcesBuildPhase section */

/* Begin PBXSourcesBuildPhase section */
		84FAACCD1DB4CBD20088C0E8 /* Sources */ = {
			isa = PBXSourcesBuildPhase;
			buildActionMask = 2147483647;
			files = (
				84FAACDC1DB4CBD20088C0E8 /* ViewController.m in Sources */,
				84FAACD91DB4CBD20088C0E8 /* AppDelegate.m in Sources */,
				84FAACD61DB4CBD20088C0E8 /* main.m in Sources */,
			);
			runOnlyForDeploymentPostprocessing = 0;
		};
/* End PBXSourcesBuildPhase section */

/* Begin PBXVariantGroup section */
		84FAACDD1DB4CBD20088C0E8 /* Main.storyboard */ = {
			isa = PBXVariantGroup;
			children = (
				84FAACDE1DB4CBD20088C0E8 /* Base */,
			);
			name = Main.storyboard;
			sourceTree = "<group>";
		};
		84FAACE21DB4CBD20088C0E8 /* LaunchScreen.storyboard */ = {
			isa = PBXVariantGroup;
			children = (
				84FAACE31DB4CBD20088C0E8 /* Base */,
			);
			name = LaunchScreen.storyboard;
			sourceTree = "<group>";
		};
/* End PBXVariantGroup section */

/* Begin XCBuildConfiguration section */
		84FAACE61DB4CBD20088C0E8 /* Debug */ = {
			isa = XCBuildConfiguration;
			buildSettings = {
				ALWAYS_SEARCH_USER_PATHS = NO;
				CLANG_ANALYZER_NONNULL = YES;
				CLANG_CXX_LANGUAGE_STANDARD = "gnu++0x";
				CLANG_CXX_LIBRARY = "libc++";
				CLANG_ENABLE_MODULES = YES;
				CLANG_ENABLE_OBJC_ARC = YES;
				CLANG_WARN_BOOL_CONVERSION = YES;
				CLANG_WARN_CONSTANT_CONVERSION = YES;
				CLANG_WARN_DIRECT_OBJC_ISA_USAGE = YES_ERROR;
				CLANG_WARN_DOCUMENTATION_COMMENTS = YES;
				CLANG_WARN_EMPTY_BODY = YES;
				CLANG_WARN_ENUM_CONVERSION = YES;
				CLANG_WARN_INFINITE_RECURSION = YES;
				CLANG_WARN_INT_CONVERSION = YES;
				CLANG_WARN_OBJC_ROOT_CLASS = YES_ERROR;
				CLANG_WARN_SUSPICIOUS_MOVES = YES;
				CLANG_WARN_UNREACHABLE_CODE = YES;
				CLANG_WARN__DUPLICATE_METHOD_MATCH = YES;
				"CODE_SIGN_IDENTITY[sdk=iphoneos*]" = "iPhone Developer";
				COPY_PHASE_STRIP = NO;
				DEBUG_INFORMATION_FORMAT = dwarf;
				ENABLE_STRICT_OBJC_MSGSEND = YES;
				ENABLE_TESTABILITY = YES;
				GCC_C_LANGUAGE_STANDARD = gnu99;
				GCC_DYNAMIC_NO_PIC = NO;
				GCC_NO_COMMON_BLOCKS = YES;
				GCC_OPTIMIZATION_LEVEL = 0;
				GCC_PREPROCESSOR_DEFINITIONS = (
					"DEBUG=1",
					"$(inherited)",
				);
				GCC_WARN_64_TO_32_BIT_CONVERSION = YES;
				GCC_WARN_ABOUT_RETURN_TYPE = YES_ERROR;
				GCC_WARN_UNDECLARED_SELECTOR = YES;
				GCC_WARN_UNINITIALIZED_AUTOS = YES_AGGRESSIVE;
				GCC_WARN_UNUSED_FUNCTION = YES;
				GCC_WARN_UNUSED_VARIABLE = YES;
				IPHONEOS_DEPLOYMENT_TARGET = 10.0;
				MTL_ENABLE_DEBUG_INFO = YES;
				ONLY_ACTIVE_ARCH = YES;
				SDKROOT = iphoneos;
				TARGETED_DEVICE_FAMILY = "1,2";
			};
			name = Debug;
		};
		84FAACE71DB4CBD20088C0E8 /* Release */ = {
			isa = XCBuildConfiguration;
			buildSettings = {
				ALWAYS_SEARCH_USER_PATHS = NO;
				CLANG_ANALYZER_NONNULL = YES;
				CLANG_CXX_LANGUAGE_STANDARD = "gnu++0x";
				CLANG_CXX_LIBRARY = "libc++";
				CLANG_ENABLE_MODULES = YES;
				CLANG_ENABLE_OBJC_ARC = YES;
				CLANG_WARN_BOOL_CONVERSION = YES;
				CLANG_WARN_CONSTANT_CONVERSION = YES;
				CLANG_WARN_DIRECT_OBJC_ISA_USAGE = YES_ERROR;
				CLANG_WARN_DOCUMENTATION_COMMENTS = YES;
				CLANG_WARN_EMPTY_BODY = YES;
				CLANG_WARN_ENUM_CONVERSION = YES;
				CLANG_WARN_INFINITE_RECURSION = YES;
				CLANG_WARN_INT_CONVERSION = YES;
				CLANG_WARN_OBJC_ROOT_CLASS = YES_ERROR;
				CLANG_WARN_SUSPICIOUS_MOVES = YES;
				CLANG_WARN_UNREACHABLE_CODE = YES;
				CLANG_WARN__DUPLICATE_METHOD_MATCH = YES;
				"CODE_SIGN_IDENTITY[sdk=iphoneos*]" = "iPhone Developer";
				COPY_PHASE_STRIP = NO;
				DEBUG_INFORMATION_FORMAT = "dwarf-with-dsym";
				ENABLE_NS_ASSERTIONS = NO;
				ENABLE_STRICT_OBJC_MSGSEND = YES;
				GCC_C_LANGUAGE_STANDARD = gnu99;
				GCC_NO_COMMON_BLOCKS = YES;
				GCC_WARN_64_TO_32_BIT_CONVERSION = YES;
				GCC_WARN_ABOUT_RETURN_TYPE = YES_ERROR;
				GCC_WARN_UNDECLARED_SELECTOR = YES;
				GCC_WARN_UNINITIALIZED_AUTOS = YES_AGGRESSIVE;
				GCC_WARN_UNUSED_FUNCTION = YES;
				GCC_WARN_UNUSED_VARIABLE = YES;
				IPHONEOS_DEPLOYMENT_TARGET = 10.0;
				MTL_ENABLE_DEBUG_INFO = NO;
				SDKROOT = iphoneos;
				TARGETED_DEVICE_FAMILY = "1,2";
				VALIDATE_PRODUCT = YES;
			};
			name = Release;
		};
		84FAACE91DB4CBD20088C0E8 /* Debug */ = {
			isa = XCBuildConfiguration;
			buildSettings = {
				ASSETCATALOG_COMPILER_APPICON_NAME = AppIcon;
				INFOPLIST_FILE = ghjgh/Info.plist;
				LD_RUNPATH_SEARCH_PATHS = "$(inherited) @executable_path/Frameworks";
				PRODUCT_BUNDLE_IDENTIFIER = ligaoyan.ghjgh;
				PRODUCT_NAME = "$(TARGET_NAME)";
			};
			name = Debug;
		};
		84FAACEA1DB4CBD20088C0E8 /* Release */ = {
			isa = XCBuildConfiguration;
			buildSettings = {
				ASSETCATALOG_COMPILER_APPICON_NAME = AppIcon;
				INFOPLIST_FILE = ghjgh/Info.plist;
				LD_RUNPATH_SEARCH_PATHS = "$(inherited) @executable_path/Frameworks";
				PRODUCT_BUNDLE_IDENTIFIER = ligaoyan.ghjgh;
				PRODUCT_NAME = "$(TARGET_NAME)";
			};
			name = Release;
		};
/* End XCBuildConfiguration section */

/* Begin XCConfigurationList section */
		84FAACCC1DB4CBD20088C0E8 /* Build configuration list for PBXProject "ghjgh" */ = {
			isa = XCConfigurationList;
			buildConfigurations = (
				84FAACE61DB4CBD20088C0E8 /* Debug */,
				84FAACE71DB4CBD20088C0E8 /* Release */,
			);
			defaultConfigurationIsVisible = 0;
			defaultConfigurationName = Release;
		};
		84FAACE81DB4CBD20088C0E8 /* Build configuration list for PBXNativeTarget "ghjgh" */ = {
			isa = XCConfigurationList;
			buildConfigurations = (
				84FAACE91DB4CBD20088C0E8 /* Debug */,
				84FAACEA1DB4CBD20088C0E8 /* Release */,
			);
			defaultConfigurationIsVisible = 0;
		};
/* End XCConfigurationList section */
	};
	rootObject = 84FAACC91DB4CBD20088C0E8 /* Project object */;
}
